
Microsoft Visual Studio Solution File, Format Version 12.00
# Visual Studio Version 16
VisualStudioVersion = 16.0.29306.81
MinimumVisualStudioVersion = 10.0.40219.1
Project("{FAE04EC0-301F-11D3-BF4B-00C04F79EFBC}") = "InstrumentIOService", "IOService\InstrumentIOService.csproj", "{31A517FB-6A29-4BCB-8F42-54AB15BB2466}"
EndProject
Project("{FAE04EC0-301F-11D3-BF4B-00C04F79EFBC}") = "ExternLib", "ExternLib\ExternLib.csproj", "{D8D8BFFF-966D-405D-A3E1-3B72E1B62E57}"
EndProject
Project("{FAE04EC0-301F-11D3-BF4B-00C04F79EFBC}") = "CFTWinApp", "CFTWinApp\CFTWinApp.csproj", "{69299406-ECF7-43C7-A50D-EF46D417E5F7}"
EndProject
Project("{FAE04EC0-301F-11D3-BF4B-00C04F79EFBC}") = "CFTWinAppCore", "CFTWinAppCore\CFTWinAppCore.csproj", "{4634AEF3-3902-40DE-8EA2-0C881BC41B5E}"
EndProject
Project("{FAE04EC0-301F-11D3-BF4B-00C04F79EFBC}") = "GeneralTool", "GeneralTool\GeneralTool.csproj", "{AD4C1B26-0859-4C4C-AC90-8311B1E2DCB4}"
EndProject
Project("{FAE04EC0-301F-11D3-BF4B-00C04F79EFBC}") = "Option", "Option\Option.csproj", "{DEAA620E-06B9-48C7-8F0C-28913657DCC0}"
EndProject
Project("{FAE04EC0-301F-11D3-BF4B-00C04F79EFBC}") = "CFTSequenceManager", "SequenceManager\CFTSequenceManager.csproj", "{F0E34D59-C848-4D31-9AC4-7DF9F20C8AE1}"
EndProject
Project("{FAE04EC0-301F-11D3-BF4B-00C04F79EFBC}") = "UEM", "UEM\UEM.csproj", "{C34375AC-B4A5-45A7-9FA5-4C5D7F888F23}"
EndProject
Project("{FAE04EC0-301F-11D3-BF4B-00C04F79EFBC}") = "AndroidPhoneCheckingTask", "AndroidPhoneCheckingTask\AndroidPhoneCheckingTask.csproj", "{4E787D1B-B10E-4CB6-A425-C7378E29840A}"
EndProject
Project("{FAE04EC0-301F-11D3-BF4B-00C04F79EFBC}") = "HardwareHelperLib", "HarwareHelperLib\HardwareHelperLib.csproj", "{86054FD0-A9F8-419E-B185-E55C9E3E1EE5}"
EndProject
Project("{FAE04EC0-301F-11D3-BF4B-00C04F79EFBC}") = "GeneralTestTask", "GeneralTestTask\GeneralTestTask.csproj", "{85D05AD8-6680-4D8B-A6B8-FA688B7ABE93}"
EndProject
Project("{FAE04EC0-301F-11D3-BF4B-00C04F79EFBC}") = "TiviCheckingTestTask", "TiviCheckingTestTask\TiviCheckingTestTask.csproj", "{3F156479-8D81-4C99-890C-361BA2275951}"
EndProject
Global
	GlobalSection(SolutionConfigurationPlatforms) = preSolution
		Debug|Any CPU = Debug|Any CPU
		Debug|Mixed Platforms = Debug|Mixed Platforms
		Debug|x64 = Debug|x64
		Debug|x86 = Debug|x86
		Deployment|Any CPU = Deployment|Any CPU
		Deployment|Mixed Platforms = Deployment|Mixed Platforms
		Deployment|x64 = Deployment|x64
		Deployment|x86 = Deployment|x86
		External_Debug|Any CPU = External_Debug|Any CPU
		External_Debug|Mixed Platforms = External_Debug|Mixed Platforms
		External_Debug|x64 = External_Debug|x64
		External_Debug|x86 = External_Debug|x86
		External_Release|Any CPU = External_Release|Any CPU
		External_Release|Mixed Platforms = External_Release|Mixed Platforms
		External_Release|x64 = External_Release|x64
		External_Release|x86 = External_Release|x86
		Release|Any CPU = Release|Any CPU
		Release|Mixed Platforms = Release|Mixed Platforms
		Release|x64 = Release|x64
		Release|x86 = Release|x86
	EndGlobalSection
	GlobalSection(ProjectConfigurationPlatforms) = postSolution
		{31A517FB-6A29-4BCB-8F42-54AB15BB2466}.Debug|Any CPU.ActiveCfg = Debug|Any CPU
		{31A517FB-6A29-4BCB-8F42-54AB15BB2466}.Debug|Any CPU.Build.0 = Debug|Any CPU
		{31A517FB-6A29-4BCB-8F42-54AB15BB2466}.Debug|Mixed Platforms.ActiveCfg = Debug|Any CPU
		{31A517FB-6A29-4BCB-8F42-54AB15BB2466}.Debug|Mixed Platforms.Build.0 = Debug|Any CPU
		{31A517FB-6A29-4BCB-8F42-54AB15BB2466}.Debug|x64.ActiveCfg = Debug|Any CPU
		{31A517FB-6A29-4BCB-8F42-54AB15BB2466}.Debug|x64.Build.0 = Debug|Any CPU
		{31A517FB-6A29-4BCB-8F42-54AB15BB2466}.Debug|x86.ActiveCfg = Debug|Any CPU
		{31A517FB-6A29-4BCB-8F42-54AB15BB2466}.Debug|x86.Build.0 = Debug|Any CPU
		{31A517FB-6A29-4BCB-8F42-54AB15BB2466}.Deployment|Any CPU.ActiveCfg = Deployment|Any CPU
		{31A517FB-6A29-4BCB-8F42-54AB15BB2466}.Deployment|Any CPU.Build.0 = Deployment|Any CPU
		{31A517FB-6A29-4BCB-8F42-54AB15BB2466}.Deployment|Mixed Platforms.ActiveCfg = Deployment|Any CPU
		{31A517FB-6A29-4BCB-8F42-54AB15BB2466}.Deployment|Mixed Platforms.Build.0 = Deployment|Any CPU
		{31A517FB-6A29-4BCB-8F42-54AB15BB2466}.Deployment|x64.ActiveCfg = Deployment|Any CPU
		{31A517FB-6A29-4BCB-8F42-54AB15BB2466}.Deployment|x64.Build.0 = Deployment|Any CPU
		{31A517FB-6A29-4BCB-8F42-54AB15BB2466}.Deployment|x86.ActiveCfg = Deployment|Any CPU
		{31A517FB-6A29-4BCB-8F42-54AB15BB2466}.External_Debug|Any CPU.ActiveCfg = Debug|Any CPU
		{31A517FB-6A29-4BCB-8F42-54AB15BB2466}.External_Debug|Any CPU.Build.0 = Debug|Any CPU
		{31A517FB-6A29-4BCB-8F42-54AB15BB2466}.External_Debug|Mixed Platforms.ActiveCfg = Debug|Any CPU
		{31A517FB-6A29-4BCB-8F42-54AB15BB2466}.External_Debug|Mixed Platforms.Build.0 = Debug|Any CPU
		{31A517FB-6A29-4BCB-8F42-54AB15BB2466}.External_Debug|x64.ActiveCfg = Debug|Any CPU
		{31A517FB-6A29-4BCB-8F42-54AB15BB2466}.External_Debug|x64.Build.0 = Debug|Any CPU
		{31A517FB-6A29-4BCB-8F42-54AB15BB2466}.External_Debug|x86.ActiveCfg = Debug|Any CPU
		{31A517FB-6A29-4BCB-8F42-54AB15BB2466}.External_Debug|x86.Build.0 = Debug|Any CPU
		{31A517FB-6A29-4BCB-8F42-54AB15BB2466}.External_Release|Any CPU.ActiveCfg = Release|Any CPU
		{31A517FB-6A29-4BCB-8F42-54AB15BB2466}.External_Release|Any CPU.Build.0 = Release|Any CPU
		{31A517FB-6A29-4BCB-8F42-54AB15BB2466}.External_Release|Mixed Platforms.ActiveCfg = Release|Any CPU
		{31A517FB-6A29-4BCB-8F42-54AB15BB2466}.External_Release|Mixed Platforms.Build.0 = Release|Any CPU
		{31A517FB-6A29-4BCB-8F42-54AB15BB2466}.External_Release|x64.ActiveCfg = Release|Any CPU
		{31A517FB-6A29-4BCB-8F42-54AB15BB2466}.External_Release|x64.Build.0 = Release|Any CPU
		{31A517FB-6A29-4BCB-8F42-54AB15BB2466}.External_Release|x86.ActiveCfg = Release|Any CPU
		{31A517FB-6A29-4BCB-8F42-54AB15BB2466}.External_Release|x86.Build.0 = Release|Any CPU
		{31A517FB-6A29-4BCB-8F42-54AB15BB2466}.Release|Any CPU.ActiveCfg = Release|Any CPU
		{31A517FB-6A29-4BCB-8F42-54AB15BB2466}.Release|Any CPU.Build.0 = Release|Any CPU
		{31A517FB-6A29-4BCB-8F42-54AB15BB2466}.Release|Mixed Platforms.ActiveCfg = Release|Any CPU
		{31A517FB-6A29-4BCB-8F42-54AB15BB2466}.Release|Mixed Platforms.Build.0 = Release|Any CPU
		{31A517FB-6A29-4BCB-8F42-54AB15BB2466}.Release|x64.ActiveCfg = Release|Any CPU
		{31A517FB-6A29-4BCB-8F42-54AB15BB2466}.Release|x64.Build.0 = Release|Any CPU
		{31A517FB-6A29-4BCB-8F42-54AB15BB2466}.Release|x86.ActiveCfg = Release|Any CPU
		{D8D8BFFF-966D-405D-A3E1-3B72E1B62E57}.Debug|Any CPU.ActiveCfg = Debug|Any CPU
		{D8D8BFFF-966D-405D-A3E1-3B72E1B62E57}.Debug|Any CPU.Build.0 = Debug|Any CPU
		{D8D8BFFF-966D-405D-A3E1-3B72E1B62E57}.Debug|Mixed Platforms.ActiveCfg = Debug|Any CPU
		{D8D8BFFF-966D-405D-A3E1-3B72E1B62E57}.Debug|Mixed Platforms.Build.0 = Debug|Any CPU
		{D8D8BFFF-966D-405D-A3E1-3B72E1B62E57}.Debug|x64.ActiveCfg = Debug|Any CPU
		{D8D8BFFF-966D-405D-A3E1-3B72E1B62E57}.Debug|x64.Build.0 = Debug|Any CPU
		{D8D8BFFF-966D-405D-A3E1-3B72E1B62E57}.Debug|x86.ActiveCfg = Debug|Any CPU
		{D8D8BFFF-966D-405D-A3E1-3B72E1B62E57}.Debug|x86.Build.0 = Debug|Any CPU
		{D8D8BFFF-966D-405D-A3E1-3B72E1B62E57}.Deployment|Any CPU.ActiveCfg = Deployment|Any CPU
		{D8D8BFFF-966D-405D-A3E1-3B72E1B62E57}.Deployment|Any CPU.Build.0 = Deployment|Any CPU
		{D8D8BFFF-966D-405D-A3E1-3B72E1B62E57}.Deployment|Mixed Platforms.ActiveCfg = Deployment|Any CPU
		{D8D8BFFF-966D-405D-A3E1-3B72E1B62E57}.Deployment|Mixed Platforms.Build.0 = Deployment|Any CPU
		{D8D8BFFF-966D-405D-A3E1-3B72E1B62E57}.Deployment|x64.ActiveCfg = Deployment|Any CPU
		{D8D8BFFF-966D-405D-A3E1-3B72E1B62E57}.Deployment|x64.Build.0 = Deployment|Any CPU
		{D8D8BFFF-966D-405D-A3E1-3B72E1B62E57}.Deployment|x86.ActiveCfg = Deployment|Any CPU
		{D8D8BFFF-966D-405D-A3E1-3B72E1B62E57}.External_Debug|Any CPU.ActiveCfg = Debug|Any CPU
		{D8D8BFFF-966D-405D-A3E1-3B72E1B62E57}.External_Debug|Any CPU.Build.0 = Debug|Any CPU
		{D8D8BFFF-966D-405D-A3E1-3B72E1B62E57}.External_Debug|Mixed Platforms.ActiveCfg = Debug|Any CPU
		{D8D8BFFF-966D-405D-A3E1-3B72E1B62E57}.External_Debug|Mixed Platforms.Build.0 = Debug|Any CPU
		{D8D8BFFF-966D-405D-A3E1-3B72E1B62E57}.External_Debug|x64.ActiveCfg = Debug|Any CPU
		{D8D8BFFF-966D-405D-A3E1-3B72E1B62E57}.External_Debug|x64.Build.0 = Debug|Any CPU
		{D8D8BFFF-966D-405D-A3E1-3B72E1B62E57}.External_Debug|x86.ActiveCfg = Debug|Any CPU
		{D8D8BFFF-966D-405D-A3E1-3B72E1B62E57}.External_Debug|x86.Build.0 = Debug|Any CPU
		{D8D8BFFF-966D-405D-A3E1-3B72E1B62E57}.External_Release|Any CPU.ActiveCfg = Release|Any CPU
		{D8D8BFFF-966D-405D-A3E1-3B72E1B62E57}.External_Release|Any CPU.Build.0 = Release|Any CPU
		{D8D8BFFF-966D-405D-A3E1-3B72E1B62E57}.External_Release|Mixed Platforms.ActiveCfg = Release|Any CPU
		{D8D8BFFF-966D-405D-A3E1-3B72E1B62E57}.External_Release|Mixed Platforms.Build.0 = Release|Any CPU
		{D8D8BFFF-966D-405D-A3E1-3B72E1B62E57}.External_Release|x64.ActiveCfg = Release|Any CPU
		{D8D8BFFF-966D-405D-A3E1-3B72E1B62E57}.External_Release|x64.Build.0 = Release|Any CPU
		{D8D8BFFF-966D-405D-A3E1-3B72E1B62E57}.External_Release|x86.ActiveCfg = Release|Any CPU
		{D8D8BFFF-966D-405D-A3E1-3B72E1B62E57}.External_Release|x86.Build.0 = Release|Any CPU
		{D8D8BFFF-966D-405D-A3E1-3B72E1B62E57}.Release|Any CPU.ActiveCfg = Release|Any CPU
		{D8D8BFFF-966D-405D-A3E1-3B72E1B62E57}.Release|Any CPU.Build.0 = Release|Any CPU
		{D8D8BFFF-966D-405D-A3E1-3B72E1B62E57}.Release|Mixed Platforms.ActiveCfg = Release|Any CPU
		{D8D8BFFF-966D-405D-A3E1-3B72E1B62E57}.Release|Mixed Platforms.Build.0 = Release|Any CPU
		{D8D8BFFF-966D-405D-A3E1-3B72E1B62E57}.Release|x64.ActiveCfg = Release|Any CPU
		{D8D8BFFF-966D-405D-A3E1-3B72E1B62E57}.Release|x64.Build.0 = Release|Any CPU
		{D8D8BFFF-966D-405D-A3E1-3B72E1B62E57}.Release|x86.ActiveCfg = Release|Any CPU
		{69299406-ECF7-43C7-A50D-EF46D417E5F7}.Debug|Any CPU.ActiveCfg = Debug|x86
		{69299406-ECF7-43C7-A50D-EF46D417E5F7}.Debug|Mixed Platforms.ActiveCfg = Debug|x86
		{69299406-ECF7-43C7-A50D-EF46D417E5F7}.Debug|Mixed Platforms.Build.0 = Debug|x86
		{69299406-ECF7-43C7-A50D-EF46D417E5F7}.Debug|x64.ActiveCfg = Debug|x86
		{69299406-ECF7-43C7-A50D-EF46D417E5F7}.Debug|x86.ActiveCfg = Debug|x86
		{69299406-ECF7-43C7-A50D-EF46D417E5F7}.Debug|x86.Build.0 = Debug|x86
		{69299406-ECF7-43C7-A50D-EF46D417E5F7}.Deployment|Any CPU.ActiveCfg = Deployment|x86
		{69299406-ECF7-43C7-A50D-EF46D417E5F7}.Deployment|Mixed Platforms.ActiveCfg = Deployment|x86
		{69299406-ECF7-43C7-A50D-EF46D417E5F7}.Deployment|Mixed Platforms.Build.0 = Deployment|x86
		{69299406-ECF7-43C7-A50D-EF46D417E5F7}.Deployment|x64.ActiveCfg = Deployment|x86
		{69299406-ECF7-43C7-A50D-EF46D417E5F7}.Deployment|x86.ActiveCfg = Deployment|x86
		{69299406-ECF7-43C7-A50D-EF46D417E5F7}.Deployment|x86.Build.0 = Deployment|x86
		{69299406-ECF7-43C7-A50D-EF46D417E5F7}.External_Debug|Any CPU.ActiveCfg = Release|x86
		{69299406-ECF7-43C7-A50D-EF46D417E5F7}.External_Debug|Any CPU.Build.0 = Release|x86
		{69299406-ECF7-43C7-A50D-EF46D417E5F7}.External_Debug|Mixed Platforms.ActiveCfg = Debug|x86
		{69299406-ECF7-43C7-A50D-EF46D417E5F7}.External_Debug|Mixed Platforms.Build.0 = Debug|x86
		{69299406-ECF7-43C7-A50D-EF46D417E5F7}.External_Debug|x64.ActiveCfg = Release|x86
		{69299406-ECF7-43C7-A50D-EF46D417E5F7}.External_Debug|x64.Build.0 = Release|x86
		{69299406-ECF7-43C7-A50D-EF46D417E5F7}.External_Debug|x86.ActiveCfg = Debug|x86
		{69299406-ECF7-43C7-A50D-EF46D417E5F7}.External_Debug|x86.Build.0 = Debug|x86
		{69299406-ECF7-43C7-A50D-EF46D417E5F7}.External_Release|Any CPU.ActiveCfg = Release|x86
		{69299406-ECF7-43C7-A50D-EF46D417E5F7}.External_Release|Any CPU.Build.0 = Release|x86
		{69299406-ECF7-43C7-A50D-EF46D417E5F7}.External_Release|Mixed Platforms.ActiveCfg = Release|x86
		{69299406-ECF7-43C7-A50D-EF46D417E5F7}.External_Release|Mixed Platforms.Build.0 = Release|x86
		{69299406-ECF7-43C7-A50D-EF46D417E5F7}.External_Release|x64.ActiveCfg = Release|x86
		{69299406-ECF7-43C7-A50D-EF46D417E5F7}.External_Release|x64.Build.0 = Release|x86
		{69299406-ECF7-43C7-A50D-EF46D417E5F7}.External_Release|x86.ActiveCfg = Release|x86
		{69299406-ECF7-43C7-A50D-EF46D417E5F7}.External_Release|x86.Build.0 = Release|x86
		{69299406-ECF7-43C7-A50D-EF46D417E5F7}.Release|Any CPU.ActiveCfg = Release|x86
		{69299406-ECF7-43C7-A50D-EF46D417E5F7}.Release|Mixed Platforms.ActiveCfg = Release|x86
		{69299406-ECF7-43C7-A50D-EF46D417E5F7}.Release|Mixed Platforms.Build.0 = Release|x86
		{69299406-ECF7-43C7-A50D-EF46D417E5F7}.Release|x64.ActiveCfg = Release|x86
		{69299406-ECF7-43C7-A50D-EF46D417E5F7}.Release|x86.ActiveCfg = Release|x86
		{69299406-ECF7-43C7-A50D-EF46D417E5F7}.Release|x86.Build.0 = Release|x86
		{4634AEF3-3902-40DE-8EA2-0C881BC41B5E}.Debug|Any CPU.ActiveCfg = Debug|Any CPU
		{4634AEF3-3902-40DE-8EA2-0C881BC41B5E}.Debug|Any CPU.Build.0 = Debug|Any CPU
		{4634AEF3-3902-40DE-8EA2-0C881BC41B5E}.Debug|Mixed Platforms.ActiveCfg = Debug|Any CPU
		{4634AEF3-3902-40DE-8EA2-0C881BC41B5E}.Debug|Mixed Platforms.Build.0 = Debug|Any CPU
		{4634AEF3-3902-40DE-8EA2-0C881BC41B5E}.Debug|x64.ActiveCfg = Debug|Any CPU
		{4634AEF3-3902-40DE-8EA2-0C881BC41B5E}.Debug|x64.Build.0 = Debug|Any CPU
		{4634AEF3-3902-40DE-8EA2-0C881BC41B5E}.Debug|x86.ActiveCfg = Debug|Any CPU
		{4634AEF3-3902-40DE-8EA2-0C881BC41B5E}.Debug|x86.Build.0 = Debug|Any CPU
		{4634AEF3-3902-40DE-8EA2-0C881BC41B5E}.Deployment|Any CPU.ActiveCfg = Deployment|Any CPU
		{4634AEF3-3902-40DE-8EA2-0C881BC41B5E}.Deployment|Any CPU.Build.0 = Deployment|Any CPU
		{4634AEF3-3902-40DE-8EA2-0C881BC41B5E}.Deployment|Mixed Platforms.ActiveCfg = Deployment|Any CPU
		{4634AEF3-3902-40DE-8EA2-0C881BC41B5E}.Deployment|Mixed Platforms.Build.0 = Deployment|Any CPU
		{4634AEF3-3902-40DE-8EA2-0C881BC41B5E}.Deployment|x64.ActiveCfg = Deployment|Any CPU
		{4634AEF3-3902-40DE-8EA2-0C881BC41B5E}.Deployment|x64.Build.0 = Deployment|Any CPU
		{4634AEF3-3902-40DE-8EA2-0C881BC41B5E}.Deployment|x86.ActiveCfg = Deployment|Any CPU
		{4634AEF3-3902-40DE-8EA2-0C881BC41B5E}.External_Debug|Any CPU.ActiveCfg = Debug|Any CPU
		{4634AEF3-3902-40DE-8EA2-0C881BC41B5E}.External_Debug|Any CPU.Build.0 = Debug|Any CPU
		{4634AEF3-3902-40DE-8EA2-0C881BC41B5E}.External_Debug|Mixed Platforms.ActiveCfg = Debug|Any CPU
		{4634AEF3-3902-40DE-8EA2-0C881BC41B5E}.External_Debug|Mixed Platforms.Build.0 = Debug|Any CPU
		{4634AEF3-3902-40DE-8EA2-0C881BC41B5E}.External_Debug|x64.ActiveCfg = Debug|Any CPU
		{4634AEF3-3902-40DE-8EA2-0C881BC41B5E}.External_Debug|x64.Build.0 = Debug|Any CPU
		{4634AEF3-3902-40DE-8EA2-0C881BC41B5E}.External_Debug|x86.ActiveCfg = Debug|Any CPU
		{4634AEF3-3902-40DE-8EA2-0C881BC41B5E}.External_Debug|x86.Build.0 = Debug|Any CPU
		{4634AEF3-3902-40DE-8EA2-0C881BC41B5E}.External_Release|Any CPU.ActiveCfg = Release|Any CPU
		{4634AEF3-3902-40DE-8EA2-0C881BC41B5E}.External_Release|Any CPU.Build.0 = Release|Any CPU
		{4634AEF3-3902-40DE-8EA2-0C881BC41B5E}.External_Release|Mixed Platforms.ActiveCfg = Release|Any CPU
		{4634AEF3-3902-40DE-8EA2-0C881BC41B5E}.External_Release|Mixed Platforms.Build.0 = Release|Any CPU
		{4634AEF3-3902-40DE-8EA2-0C881BC41B5E}.External_Release|x64.ActiveCfg = Release|Any CPU
		{4634AEF3-3902-40DE-8EA2-0C881BC41B5E}.External_Release|x64.Build.0 = Release|Any CPU
		{4634AEF3-3902-40DE-8EA2-0C881BC41B5E}.External_Release|x86.ActiveCfg = Release|Any CPU
		{4634AEF3-3902-40DE-8EA2-0C881BC41B5E}.External_Release|x86.Build.0 = Release|Any CPU
		{4634AEF3-3902-40DE-8EA2-0C881BC41B5E}.Release|Any CPU.ActiveCfg = Release|Any CPU
		{4634AEF3-3902-40DE-8EA2-0C881BC41B5E}.Release|Any CPU.Build.0 = Release|Any CPU
		{4634AEF3-3902-40DE-8EA2-0C881BC41B5E}.Release|Mixed Platforms.ActiveCfg = Release|Any CPU
		{4634AEF3-3902-40DE-8EA2-0C881BC41B5E}.Release|Mixed Platforms.Build.0 = Release|Any CPU
		{4634AEF3-3902-40DE-8EA2-0C881BC41B5E}.Release|x64.ActiveCfg = Release|Any CPU
		{4634AEF3-3902-40DE-8EA2-0C881BC41B5E}.Release|x64.Build.0 = Release|Any CPU
		{4634AEF3-3902-40DE-8EA2-0C881BC41B5E}.Release|x86.ActiveCfg = Release|Any CPU
		{AD4C1B26-0859-4C4C-AC90-8311B1E2DCB4}.Debug|Any CPU.ActiveCfg = Debug|Any CPU
		{AD4C1B26-0859-4C4C-AC90-8311B1E2DCB4}.Debug|Any CPU.Build.0 = Debug|Any CPU
		{AD4C1B26-0859-4C4C-AC90-8311B1E2DCB4}.Debug|Mixed Platforms.ActiveCfg = Debug|Any CPU
		{AD4C1B26-0859-4C4C-AC90-8311B1E2DCB4}.Debug|Mixed Platforms.Build.0 = Debug|Any CPU
		{AD4C1B26-0859-4C4C-AC90-8311B1E2DCB4}.Debug|x64.ActiveCfg = Debug|Any CPU
		{AD4C1B26-0859-4C4C-AC90-8311B1E2DCB4}.Debug|x64.Build.0 = Debug|Any CPU
		{AD4C1B26-0859-4C4C-AC90-8311B1E2DCB4}.Debug|x86.ActiveCfg = Debug|Any CPU
		{AD4C1B26-0859-4C4C-AC90-8311B1E2DCB4}.Debug|x86.Build.0 = Debug|Any CPU
		{AD4C1B26-0859-4C4C-AC90-8311B1E2DCB4}.Deployment|Any CPU.ActiveCfg = Deployment|Any CPU
		{AD4C1B26-0859-4C4C-AC90-8311B1E2DCB4}.Deployment|Any CPU.Build.0 = Deployment|Any CPU
		{AD4C1B26-0859-4C4C-AC90-8311B1E2DCB4}.Deployment|Mixed Platforms.ActiveCfg = Deployment|Any CPU
		{AD4C1B26-0859-4C4C-AC90-8311B1E2DCB4}.Deployment|Mixed Platforms.Build.0 = Deployment|Any CPU
		{AD4C1B26-0859-4C4C-AC90-8311B1E2DCB4}.Deployment|x64.ActiveCfg = Deployment|Any CPU
		{AD4C1B26-0859-4C4C-AC90-8311B1E2DCB4}.Deployment|x64.Build.0 = Deployment|Any CPU
		{AD4C1B26-0859-4C4C-AC90-8311B1E2DCB4}.Deployment|x86.ActiveCfg = Deployment|Any CPU
		{AD4C1B26-0859-4C4C-AC90-8311B1E2DCB4}.External_Debug|Any CPU.ActiveCfg = Debug|Any CPU
		{AD4C1B26-0859-4C4C-AC90-8311B1E2DCB4}.External_Debug|Any CPU.Build.0 = Debug|Any CPU
		{AD4C1B26-0859-4C4C-AC90-8311B1E2DCB4}.External_Debug|Mixed Platforms.ActiveCfg = Debug|Any CPU
		{AD4C1B26-0859-4C4C-AC90-8311B1E2DCB4}.External_Debug|Mixed Platforms.Build.0 = Debug|Any CPU
		{AD4C1B26-0859-4C4C-AC90-8311B1E2DCB4}.External_Debug|x64.ActiveCfg = Debug|Any CPU
		{AD4C1B26-0859-4C4C-AC90-8311B1E2DCB4}.External_Debug|x64.Build.0 = Debug|Any CPU
		{AD4C1B26-0859-4C4C-AC90-8311B1E2DCB4}.External_Debug|x86.ActiveCfg = Debug|Any CPU
		{AD4C1B26-0859-4C4C-AC90-8311B1E2DCB4}.External_Debug|x86.Build.0 = Debug|Any CPU
		{AD4C1B26-0859-4C4C-AC90-8311B1E2DCB4}.External_Release|Any CPU.ActiveCfg = Release|Any CPU
		{AD4C1B26-0859-4C4C-AC90-8311B1E2DCB4}.External_Release|Any CPU.Build.0 = Release|Any CPU
		{AD4C1B26-0859-4C4C-AC90-8311B1E2DCB4}.External_Release|Mixed Platforms.ActiveCfg = Release|Any CPU
		{AD4C1B26-0859-4C4C-AC90-8311B1E2DCB4}.External_Release|Mixed Platforms.Build.0 = Release|Any CPU
		{AD4C1B26-0859-4C4C-AC90-8311B1E2DCB4}.External_Release|x64.ActiveCfg = Release|Any CPU
		{AD4C1B26-0859-4C4C-AC90-8311B1E2DCB4}.External_Release|x64.Build.0 = Release|Any CPU
		{AD4C1B26-0859-4C4C-AC90-8311B1E2DCB4}.External_Release|x86.ActiveCfg = Release|Any CPU
		{AD4C1B26-0859-4C4C-AC90-8311B1E2DCB4}.External_Release|x86.Build.0 = Release|Any CPU
		{AD4C1B26-0859-4C4C-AC90-8311B1E2DCB4}.Release|Any CPU.ActiveCfg = Release|Any CPU
		{AD4C1B26-0859-4C4C-AC90-8311B1E2DCB4}.Release|Any CPU.Build.0 = Release|Any CPU
		{AD4C1B26-0859-4C4C-AC90-8311B1E2DCB4}.Release|Mixed Platforms.ActiveCfg = Release|Any CPU
		{AD4C1B26-0859-4C4C-AC90-8311B1E2DCB4}.Release|Mixed Platforms.Build.0 = Release|Any CPU
		{AD4C1B26-0859-4C4C-AC90-8311B1E2DCB4}.Release|x64.ActiveCfg = Release|Any CPU
		{AD4C1B26-0859-4C4C-AC90-8311B1E2DCB4}.Release|x64.Build.0 = Release|Any CPU
		{AD4C1B26-0859-4C4C-AC90-8311B1E2DCB4}.Release|x86.ActiveCfg = Release|Any CPU
		{DEAA620E-06B9-48C7-8F0C-28913657DCC0}.Debug|Any CPU.ActiveCfg = Debug|Any CPU
		{DEAA620E-06B9-48C7-8F0C-28913657DCC0}.Debug|Any CPU.Build.0 = Debug|Any CPU
		{DEAA620E-06B9-48C7-8F0C-28913657DCC0}.Debug|Mixed Platforms.ActiveCfg = Debug|Any CPU
		{DEAA620E-06B9-48C7-8F0C-28913657DCC0}.Debug|Mixed Platforms.Build.0 = Debug|Any CPU
		{DEAA620E-06B9-48C7-8F0C-28913657DCC0}.Debug|x64.ActiveCfg = Debug|Any CPU
		{DEAA620E-06B9-48C7-8F0C-28913657DCC0}.Debug|x64.Build.0 = Debug|Any CPU
		{DEAA620E-06B9-48C7-8F0C-28913657DCC0}.Debug|x86.ActiveCfg = Debug|Any CPU
		{DEAA620E-06B9-48C7-8F0C-28913657DCC0}.Debug|x86.Build.0 = Debug|Any CPU
		{DEAA620E-06B9-48C7-8F0C-28913657DCC0}.Deployment|Any CPU.ActiveCfg = Deployment|Any CPU
		{DEAA620E-06B9-48C7-8F0C-28913657DCC0}.Deployment|Any CPU.Build.0 = Deployment|Any CPU
		{DEAA620E-06B9-48C7-8F0C-28913657DCC0}.Deployment|Mixed Platforms.ActiveCfg = Deployment|Any CPU
		{DEAA620E-06B9-48C7-8F0C-28913657DCC0}.Deployment|Mixed Platforms.Build.0 = Deployment|Any CPU
		{DEAA620E-06B9-48C7-8F0C-28913657DCC0}.Deployment|x64.ActiveCfg = Deployment|Any CPU
		{DEAA620E-06B9-48C7-8F0C-28913657DCC0}.Deployment|x64.Build.0 = Deployment|Any CPU
		{DEAA620E-06B9-48C7-8F0C-28913657DCC0}.Deployment|x86.ActiveCfg = Deployment|Any CPU
		{DEAA620E-06B9-48C7-8F0C-28913657DCC0}.External_Debug|Any CPU.ActiveCfg = Debug|Any CPU
		{DEAA620E-06B9-48C7-8F0C-28913657DCC0}.External_Debug|Any CPU.Build.0 = Debug|Any CPU
		{DEAA620E-06B9-48C7-8F0C-28913657DCC0}.External_Debug|Mixed Platforms.ActiveCfg = Debug|Any CPU
		{DEAA620E-06B9-48C7-8F0C-28913657DCC0}.External_Debug|Mixed Platforms.Build.0 = Debug|Any CPU
		{DEAA620E-06B9-48C7-8F0C-28913657DCC0}.External_Debug|x64.ActiveCfg = Debug|Any CPU
		{DEAA620E-06B9-48C7-8F0C-28913657DCC0}.External_Debug|x64.Build.0 = Debug|Any CPU
		{DEAA620E-06B9-48C7-8F0C-28913657DCC0}.External_Debug|x86.ActiveCfg = Debug|Any CPU
		{DEAA620E-06B9-48C7-8F0C-28913657DCC0}.External_Debug|x86.Build.0 = Debug|Any CPU
		{DEAA620E-06B9-48C7-8F0C-28913657DCC0}.External_Release|Any CPU.ActiveCfg = Release|Any CPU
		{DEAA620E-06B9-48C7-8F0C-28913657DCC0}.External_Release|Any CPU.Build.0 = Release|Any CPU
		{DEAA620E-06B9-48C7-8F0C-28913657DCC0}.External_Release|Mixed Platforms.ActiveCfg = Release|Any CPU
		{DEAA620E-06B9-48C7-8F0C-28913657DCC0}.External_Release|Mixed Platforms.Build.0 = Release|Any CPU
		{DEAA620E-06B9-48C7-8F0C-28913657DCC0}.External_Release|x64.ActiveCfg = Release|Any CPU
		{DEAA620E-06B9-48C7-8F0C-28913657DCC0}.External_Release|x64.Build.0 = Release|Any CPU
		{DEAA620E-06B9-48C7-8F0C-28913657DCC0}.External_Release|x86.ActiveCfg = Release|Any CPU
		{DEAA620E-06B9-48C7-8F0C-28913657DCC0}.External_Release|x86.Build.0 = Release|Any CPU
		{DEAA620E-06B9-48C7-8F0C-28913657DCC0}.Release|Any CPU.ActiveCfg = Release|Any CPU
		{DEAA620E-06B9-48C7-8F0C-28913657DCC0}.Release|Any CPU.Build.0 = Release|Any CPU
		{DEAA620E-06B9-48C7-8F0C-28913657DCC0}.Release|Mixed Platforms.ActiveCfg = Release|Any CPU
		{DEAA620E-06B9-48C7-8F0C-28913657DCC0}.Release|Mixed Platforms.Build.0 = Release|Any CPU
		{DEAA620E-06B9-48C7-8F0C-28913657DCC0}.Release|x64.ActiveCfg = Release|Any CPU
		{DEAA620E-06B9-48C7-8F0C-28913657DCC0}.Release|x64.Build.0 = Release|Any CPU
		{DEAA620E-06B9-48C7-8F0C-28913657DCC0}.Release|x86.ActiveCfg = Release|Any CPU
		{F0E34D59-C848-4D31-9AC4-7DF9F20C8AE1}.Debug|Any CPU.ActiveCfg = Debug|Any CPU
		{F0E34D59-C848-4D31-9AC4-7DF9F20C8AE1}.Debug|Any CPU.Build.0 = Debug|Any CPU
		{F0E34D59-C848-4D31-9AC4-7DF9F20C8AE1}.Debug|Mixed Platforms.ActiveCfg = Debug|Any CPU
		{F0E34D59-C848-4D31-9AC4-7DF9F20C8AE1}.Debug|Mixed Platforms.Build.0 = Debug|Any CPU
		{F0E34D59-C848-4D31-9AC4-7DF9F20C8AE1}.Debug|x64.ActiveCfg = Debug|Any CPU
		{F0E34D59-C848-4D31-9AC4-7DF9F20C8AE1}.Debug|x64.Build.0 = Debug|Any CPU
		{F0E34D59-C848-4D31-9AC4-7DF9F20C8AE1}.Debug|x86.ActiveCfg = Debug|Any CPU
		{F0E34D59-C848-4D31-9AC4-7DF9F20C8AE1}.Debug|x86.Build.0 = Debug|Any CPU
		{F0E34D59-C848-4D31-9AC4-7DF9F20C8AE1}.Deployment|Any CPU.ActiveCfg = Deployment|Any CPU
		{F0E34D59-C848-4D31-9AC4-7DF9F20C8AE1}.Deployment|Any CPU.Build.0 = Deployment|Any CPU
		{F0E34D59-C848-4D31-9AC4-7DF9F20C8AE1}.Deployment|Mixed Platforms.ActiveCfg = Deployment|Any CPU
		{F0E34D59-C848-4D31-9AC4-7DF9F20C8AE1}.Deployment|Mixed Platforms.Build.0 = Deployment|Any CPU
		{F0E34D59-C848-4D31-9AC4-7DF9F20C8AE1}.Deployment|x64.ActiveCfg = Deployment|Any CPU
		{F0E34D59-C848-4D31-9AC4-7DF9F20C8AE1}.Deployment|x64.Build.0 = Deployment|Any CPU
		{F0E34D59-C848-4D31-9AC4-7DF9F20C8AE1}.Deployment|x86.ActiveCfg = Deployment|Any CPU
		{F0E34D59-C848-4D31-9AC4-7DF9F20C8AE1}.External_Debug|Any CPU.ActiveCfg = Debug|Any CPU
		{F0E34D59-C848-4D31-9AC4-7DF9F20C8AE1}.External_Debug|Any CPU.Build.0 = Debug|Any CPU
		{F0E34D59-C848-4D31-9AC4-7DF9F20C8AE1}.External_Debug|Mixed Platforms.ActiveCfg = Debug|Any CPU
		{F0E34D59-C848-4D31-9AC4-7DF9F20C8AE1}.External_Debug|Mixed Platforms.Build.0 = Debug|Any CPU
		{F0E34D59-C848-4D31-9AC4-7DF9F20C8AE1}.External_Debug|x64.ActiveCfg = Debug|Any CPU
		{F0E34D59-C848-4D31-9AC4-7DF9F20C8AE1}.External_Debug|x64.Build.0 = Debug|Any CPU
		{F0E34D59-C848-4D31-9AC4-7DF9F20C8AE1}.External_Debug|x86.ActiveCfg = Debug|Any CPU
		{F0E34D59-C848-4D31-9AC4-7DF9F20C8AE1}.External_Debug|x86.Build.0 = Debug|Any CPU
		{F0E34D59-C848-4D31-9AC4-7DF9F20C8AE1}.External_Release|Any CPU.ActiveCfg = Release|Any CPU
		{F0E34D59-C848-4D31-9AC4-7DF9F20C8AE1}.External_Release|Any CPU.Build.0 = Release|Any CPU
		{F0E34D59-C848-4D31-9AC4-7DF9F20C8AE1}.External_Release|Mixed Platforms.ActiveCfg = Release|Any CPU
		{F0E34D59-C848-4D31-9AC4-7DF9F20C8AE1}.External_Release|Mixed Platforms.Build.0 = Release|Any CPU
		{F0E34D59-C848-4D31-9AC4-7DF9F20C8AE1}.External_Release|x64.ActiveCfg = Release|Any CPU
		{F0E34D59-C848-4D31-9AC4-7DF9F20C8AE1}.External_Release|x64.Build.0 = Release|Any CPU
		{F0E34D59-C848-4D31-9AC4-7DF9F20C8AE1}.External_Release|x86.ActiveCfg = Release|Any CPU
		{F0E34D59-C848-4D31-9AC4-7DF9F20C8AE1}.External_Release|x86.Build.0 = Release|Any CPU
		{F0E34D59-C848-4D31-9AC4-7DF9F20C8AE1}.Release|Any CPU.ActiveCfg = Release|Any CPU
		{F0E34D59-C848-4D31-9AC4-7DF9F20C8AE1}.Release|Any CPU.Build.0 = Release|Any CPU
		{F0E34D59-C848-4D31-9AC4-7DF9F20C8AE1}.Release|Mixed Platforms.ActiveCfg = Release|Any CPU
		{F0E34D59-C848-4D31-9AC4-7DF9F20C8AE1}.Release|Mixed Platforms.Build.0 = Release|Any CPU
		{F0E34D59-C848-4D31-9AC4-7DF9F20C8AE1}.Release|x64.ActiveCfg = Release|Any CPU
		{F0E34D59-C848-4D31-9AC4-7DF9F20C8AE1}.Release|x64.Build.0 = Release|Any CPU
		{F0E34D59-C848-4D31-9AC4-7DF9F20C8AE1}.Release|x86.ActiveCfg = Release|Any CPU
		{C34375AC-B4A5-45A7-9FA5-4C5D7F888F23}.Debug|Any CPU.ActiveCfg = Debug|Any CPU
		{C34375AC-B4A5-45A7-9FA5-4C5D7F888F23}.Debug|Any CPU.Build.0 = Debug|Any CPU
		{C34375AC-B4A5-45A7-9FA5-4C5D7F888F23}.Debug|Mixed Platforms.ActiveCfg = Debug|Any CPU
		{C34375AC-B4A5-45A7-9FA5-4C5D7F888F23}.Debug|Mixed Platforms.Build.0 = Debug|Any CPU
		{C34375AC-B4A5-45A7-9FA5-4C5D7F888F23}.Debug|x64.ActiveCfg = Debug|Any CPU
		{C34375AC-B4A5-45A7-9FA5-4C5D7F888F23}.Debug|x64.Build.0 = Debug|Any CPU
		{C34375AC-B4A5-45A7-9FA5-4C5D7F888F23}.Debug|x86.ActiveCfg = Debug|Any CPU
		{C34375AC-B4A5-45A7-9FA5-4C5D7F888F23}.Debug|x86.Build.0 = Debug|Any CPU
		{C34375AC-B4A5-45A7-9FA5-4C5D7F888F23}.Deployment|Any CPU.ActiveCfg = Deployment|Any CPU
		{C34375AC-B4A5-45A7-9FA5-4C5D7F888F23}.Deployment|Any CPU.Build.0 = Deployment|Any CPU
		{C34375AC-B4A5-45A7-9FA5-4C5D7F888F23}.Deployment|Mixed Platforms.ActiveCfg = Deployment|Any CPU
		{C34375AC-B4A5-45A7-9FA5-4C5D7F888F23}.Deployment|Mixed Platforms.Build.0 = Deployment|Any CPU
		{C34375AC-B4A5-45A7-9FA5-4C5D7F888F23}.Deployment|x64.ActiveCfg = Deployment|Any CPU
		{C34375AC-B4A5-45A7-9FA5-4C5D7F888F23}.Deployment|x64.Build.0 = Deployment|Any CPU
		{C34375AC-B4A5-45A7-9FA5-4C5D7F888F23}.Deployment|x86.ActiveCfg = Deployment|Any CPU
		{C34375AC-B4A5-45A7-9FA5-4C5D7F888F23}.External_Debug|Any CPU.ActiveCfg = Debug|Any CPU
		{C34375AC-B4A5-45A7-9FA5-4C5D7F888F23}.External_Debug|Any CPU.Build.0 = Debug|Any CPU
		{C34375AC-B4A5-45A7-9FA5-4C5D7F888F23}.External_Debug|Mixed Platforms.ActiveCfg = Debug|Any CPU
		{C34375AC-B4A5-45A7-9FA5-4C5D7F888F23}.External_Debug|Mixed Platforms.Build.0 = Debug|Any CPU
		{C34375AC-B4A5-45A7-9FA5-4C5D7F888F23}.External_Debug|x64.ActiveCfg = Debug|Any CPU
		{C34375AC-B4A5-45A7-9FA5-4C5D7F888F23}.External_Debug|x64.Build.0 = Debug|Any CPU
		{C34375AC-B4A5-45A7-9FA5-4C5D7F888F23}.External_Debug|x86.ActiveCfg = Debug|Any CPU
		{C34375AC-B4A5-45A7-9FA5-4C5D7F888F23}.External_Debug|x86.Build.0 = Debug|Any CPU
		{C34375AC-B4A5-45A7-9FA5-4C5D7F888F23}.External_Release|Any CPU.ActiveCfg = Release|Any CPU
		{C34375AC-B4A5-45A7-9FA5-4C5D7F888F23}.External_Release|Any CPU.Build.0 = Release|Any CPU
		{C34375AC-B4A5-45A7-9FA5-4C5D7F888F23}.External_Release|Mixed Platforms.ActiveCfg = Release|Any CPU
		{C34375AC-B4A5-45A7-9FA5-4C5D7F888F23}.External_Release|Mixed Platforms.Build.0 = Release|Any CPU
		{C34375AC-B4A5-45A7-9FA5-4C5D7F888F23}.External_Release|x64.ActiveCfg = Release|Any CPU
		{C34375AC-B4A5-45A7-9FA5-4C5D7F888F23}.External_Release|x64.Build.0 = Release|Any CPU
		{C34375AC-B4A5-45A7-9FA5-4C5D7F888F23}.External_Release|x86.ActiveCfg = Release|Any CPU
		{C34375AC-B4A5-45A7-9FA5-4C5D7F888F23}.External_Release|x86.Build.0 = Release|Any CPU
		{C34375AC-B4A5-45A7-9FA5-4C5D7F888F23}.Release|Any CPU.ActiveCfg = Release|Any CPU
		{C34375AC-B4A5-45A7-9FA5-4C5D7F888F23}.Release|Any CPU.Build.0 = Release|Any CPU
		{C34375AC-B4A5-45A7-9FA5-4C5D7F888F23}.Release|Mixed Platforms.ActiveCfg = Release|Any CPU
		{C34375AC-B4A5-45A7-9FA5-4C5D7F888F23}.Release|Mixed Platforms.Build.0 = Release|Any CPU
		{C34375AC-B4A5-45A7-9FA5-4C5D7F888F23}.Release|x64.ActiveCfg = Release|Any CPU
		{C34375AC-B4A5-45A7-9FA5-4C5D7F888F23}.Release|x64.Build.0 = Release|Any CPU
		{C34375AC-B4A5-45A7-9FA5-4C5D7F888F23}.Release|x86.ActiveCfg = Release|Any CPU
		{4E787D1B-B10E-4CB6-A425-C7378E29840A}.Debug|Any CPU.ActiveCfg = Debug|Any CPU
		{4E787D1B-B10E-4CB6-A425-C7378E29840A}.Debug|Any CPU.Build.0 = Debug|Any CPU
		{4E787D1B-B10E-4CB6-A425-C7378E29840A}.Debug|Mixed Platforms.ActiveCfg = Debug|Any CPU
		{4E787D1B-B10E-4CB6-A425-C7378E29840A}.Debug|Mixed Platforms.Build.0 = Debug|Any CPU
		{4E787D1B-B10E-4CB6-A425-C7378E29840A}.Debug|x64.ActiveCfg = Debug|Any CPU
		{4E787D1B-B10E-4CB6-A425-C7378E29840A}.Debug|x64.Build.0 = Debug|Any CPU
		{4E787D1B-B10E-4CB6-A425-C7378E29840A}.Debug|x86.ActiveCfg = Debug|Any CPU
		{4E787D1B-B10E-4CB6-A425-C7378E29840A}.Debug|x86.Build.0 = Debug|Any CPU
		{4E787D1B-B10E-4CB6-A425-C7378E29840A}.Deployment|Any CPU.ActiveCfg = Debug|Any CPU
		{4E787D1B-B10E-4CB6-A425-C7378E29840A}.Deployment|Any CPU.Build.0 = Debug|Any CPU
		{4E787D1B-B10E-4CB6-A425-C7378E29840A}.Deployment|Mixed Platforms.ActiveCfg = Debug|Any CPU
		{4E787D1B-B10E-4CB6-A425-C7378E29840A}.Deployment|Mixed Platforms.Build.0 = Debug|Any CPU
		{4E787D1B-B10E-4CB6-A425-C7378E29840A}.Deployment|x64.ActiveCfg = Debug|Any CPU
		{4E787D1B-B10E-4CB6-A425-C7378E29840A}.Deployment|x64.Build.0 = Debug|Any CPU
		{4E787D1B-B10E-4CB6-A425-C7378E29840A}.Deployment|x86.ActiveCfg = Debug|Any CPU
		{4E787D1B-B10E-4CB6-A425-C7378E29840A}.Deployment|x86.Build.0 = Debug|Any CPU
		{4E787D1B-B10E-4CB6-A425-C7378E29840A}.External_Debug|Any CPU.ActiveCfg = Debug|Any CPU
		{4E787D1B-B10E-4CB6-A425-C7378E29840A}.External_Debug|Any CPU.Build.0 = Debug|Any CPU
		{4E787D1B-B10E-4CB6-A425-C7378E29840A}.External_Debug|Mixed Platforms.ActiveCfg = Debug|Any CPU
		{4E787D1B-B10E-4CB6-A425-C7378E29840A}.External_Debug|Mixed Platforms.Build.0 = Debug|Any CPU
		{4E787D1B-B10E-4CB6-A425-C7378E29840A}.External_Debug|x64.ActiveCfg = Debug|Any CPU
		{4E787D1B-B10E-4CB6-A425-C7378E29840A}.External_Debug|x64.Build.0 = Debug|Any CPU
		{4E787D1B-B10E-4CB6-A425-C7378E29840A}.External_Debug|x86.ActiveCfg = Debug|Any CPU
		{4E787D1B-B10E-4CB6-A425-C7378E29840A}.External_Debug|x86.Build.0 = Debug|Any CPU
		{4E787D1B-B10E-4CB6-A425-C7378E29840A}.External_Release|Any CPU.ActiveCfg = Release|Any CPU
		{4E787D1B-B10E-4CB6-A425-C7378E29840A}.External_Release|Any CPU.Build.0 = Release|Any CPU
		{4E787D1B-B10E-4CB6-A425-C7378E29840A}.External_Release|Mixed Platforms.ActiveCfg = Release|Any CPU
		{4E787D1B-B10E-4CB6-A425-C7378E29840A}.External_Release|Mixed Platforms.Build.0 = Release|Any CPU
		{4E787D1B-B10E-4CB6-A425-C7378E29840A}.External_Release|x64.ActiveCfg = Release|Any CPU
		{4E787D1B-B10E-4CB6-A425-C7378E29840A}.External_Release|x64.Build.0 = Release|Any CPU
		{4E787D1B-B10E-4CB6-A425-C7378E29840A}.External_Release|x86.ActiveCfg = Release|Any CPU
		{4E787D1B-B10E-4CB6-A425-C7378E29840A}.External_Release|x86.Build.0 = Release|Any CPU
		{4E787D1B-B10E-4CB6-A425-C7378E29840A}.Release|Any CPU.ActiveCfg = Release|Any CPU
		{4E787D1B-B10E-4CB6-A425-C7378E29840A}.Release|Any CPU.Build.0 = Release|Any CPU
		{4E787D1B-B10E-4CB6-A425-C7378E29840A}.Release|Mixed Platforms.ActiveCfg = Release|Any CPU
		{4E787D1B-B10E-4CB6-A425-C7378E29840A}.Release|Mixed Platforms.Build.0 = Release|Any CPU
		{4E787D1B-B10E-4CB6-A425-C7378E29840A}.Release|x64.ActiveCfg = Release|Any CPU
		{4E787D1B-B10E-4CB6-A425-C7378E29840A}.Release|x64.Build.0 = Release|Any CPU
		{4E787D1B-B10E-4CB6-A425-C7378E29840A}.Release|x86.ActiveCfg = Release|Any CPU
		{4E787D1B-B10E-4CB6-A425-C7378E29840A}.Release|x86.Build.0 = Release|Any CPU
		{86054FD0-A9F8-419E-B185-E55C9E3E1EE5}.Debug|Any CPU.ActiveCfg = Debug|Any CPU
		{86054FD0-A9F8-419E-B185-E55C9E3E1EE5}.Debug|Any CPU.Build.0 = Debug|Any CPU
		{86054FD0-A9F8-419E-B185-E55C9E3E1EE5}.Debug|Mixed Platforms.ActiveCfg = Debug|Any CPU
		{86054FD0-A9F8-419E-B185-E55C9E3E1EE5}.Debug|Mixed Platforms.Build.0 = Debug|Any CPU
		{86054FD0-A9F8-419E-B185-E55C9E3E1EE5}.Debug|x64.ActiveCfg = Debug|Any CPU
		{86054FD0-A9F8-419E-B185-E55C9E3E1EE5}.Debug|x64.Build.0 = Debug|Any CPU
		{86054FD0-A9F8-419E-B185-E55C9E3E1EE5}.Debug|x86.ActiveCfg = Debug|Any CPU
		{86054FD0-A9F8-419E-B185-E55C9E3E1EE5}.Debug|x86.Build.0 = Debug|Any CPU
		{86054FD0-A9F8-419E-B185-E55C9E3E1EE5}.Deployment|Any CPU.ActiveCfg = Debug|Any CPU
		{86054FD0-A9F8-419E-B185-E55C9E3E1EE5}.Deployment|Any CPU.Build.0 = Debug|Any CPU
		{86054FD0-A9F8-419E-B185-E55C9E3E1EE5}.Deployment|Mixed Platforms.ActiveCfg = Debug|Any CPU
		{86054FD0-A9F8-419E-B185-E55C9E3E1EE5}.Deployment|Mixed Platforms.Build.0 = Debug|Any CPU
		{86054FD0-A9F8-419E-B185-E55C9E3E1EE5}.Deployment|x64.ActiveCfg = Debug|Any CPU
		{86054FD0-A9F8-419E-B185-E55C9E3E1EE5}.Deployment|x64.Build.0 = Debug|Any CPU
		{86054FD0-A9F8-419E-B185-E55C9E3E1EE5}.Deployment|x86.ActiveCfg = Debug|Any CPU
		{86054FD0-A9F8-419E-B185-E55C9E3E1EE5}.Deployment|x86.Build.0 = Debug|Any CPU
		{86054FD0-A9F8-419E-B185-E55C9E3E1EE5}.External_Debug|Any CPU.ActiveCfg = Debug|Any CPU
		{86054FD0-A9F8-419E-B185-E55C9E3E1EE5}.External_Debug|Any CPU.Build.0 = Debug|Any CPU
		{86054FD0-A9F8-419E-B185-E55C9E3E1EE5}.External_Debug|Mixed Platforms.ActiveCfg = Debug|Any CPU
		{86054FD0-A9F8-419E-B185-E55C9E3E1EE5}.External_Debug|Mixed Platforms.Build.0 = Debug|Any CPU
		{86054FD0-A9F8-419E-B185-E55C9E3E1EE5}.External_Debug|x64.ActiveCfg = Debug|Any CPU
		{86054FD0-A9F8-419E-B185-E55C9E3E1EE5}.External_Debug|x64.Build.0 = Debug|Any CPU
		{86054FD0-A9F8-419E-B185-E55C9E3E1EE5}.External_Debug|x86.ActiveCfg = Debug|Any CPU
		{86054FD0-A9F8-419E-B185-E55C9E3E1EE5}.External_Debug|x86.Build.0 = Debug|Any CPU
		{86054FD0-A9F8-419E-B185-E55C9E3E1EE5}.External_Release|Any CPU.ActiveCfg = Release|Any CPU
		{86054FD0-A9F8-419E-B185-E55C9E3E1EE5}.External_Release|Any CPU.Build.0 = Release|Any CPU
		{86054FD0-A9F8-419E-B185-E55C9E3E1EE5}.External_Release|Mixed Platforms.ActiveCfg = Release|Any CPU
		{86054FD0-A9F8-419E-B185-E55C9E3E1EE5}.External_Release|Mixed Platforms.Build.0 = Release|Any CPU
		{86054FD0-A9F8-419E-B185-E55C9E3E1EE5}.External_Release|x64.ActiveCfg = Release|Any CPU
		{86054FD0-A9F8-419E-B185-E55C9E3E1EE5}.External_Release|x64.Build.0 = Release|Any CPU
		{86054FD0-A9F8-419E-B185-E55C9E3E1EE5}.External_Release|x86.ActiveCfg = Release|Any CPU
		{86054FD0-A9F8-419E-B185-E55C9E3E1EE5}.External_Release|x86.Build.0 = Release|Any CPU
		{86054FD0-A9F8-419E-B185-E55C9E3E1EE5}.Release|Any CPU.ActiveCfg = Release|Any CPU
		{86054FD0-A9F8-419E-B185-E55C9E3E1EE5}.Release|Any CPU.Build.0 = Release|Any CPU
		{86054FD0-A9F8-419E-B185-E55C9E3E1EE5}.Release|Mixed Platforms.ActiveCfg = Release|Any CPU
		{86054FD0-A9F8-419E-B185-E55C9E3E1EE5}.Release|Mixed Platforms.Build.0 = Release|Any CPU
		{86054FD0-A9F8-419E-B185-E55C9E3E1EE5}.Release|x64.ActiveCfg = Release|Any CPU
		{86054FD0-A9F8-419E-B185-E55C9E3E1EE5}.Release|x64.Build.0 = Release|Any CPU
		{86054FD0-A9F8-419E-B185-E55C9E3E1EE5}.Release|x86.ActiveCfg = Release|Any CPU
		{86054FD0-A9F8-419E-B185-E55C9E3E1EE5}.Release|x86.Build.0 = Release|Any CPU
		{85D05AD8-6680-4D8B-A6B8-FA688B7ABE93}.Debug|Any CPU.ActiveCfg = Debug|Any CPU
		{85D05AD8-6680-4D8B-A6B8-FA688B7ABE93}.Debug|Any CPU.Build.0 = Debug|Any CPU
		{85D05AD8-6680-4D8B-A6B8-FA688B7ABE93}.Debug|Mixed Platforms.ActiveCfg = Debug|Any CPU
		{85D05AD8-6680-4D8B-A6B8-FA688B7ABE93}.Debug|Mixed Platforms.Build.0 = Debug|Any CPU
		{85D05AD8-6680-4D8B-A6B8-FA688B7ABE93}.Debug|x64.ActiveCfg = Debug|Any CPU
		{85D05AD8-6680-4D8B-A6B8-FA688B7ABE93}.Debug|x64.Build.0 = Debug|Any CPU
		{85D05AD8-6680-4D8B-A6B8-FA688B7ABE93}.Debug|x86.ActiveCfg = Debug|Any CPU
		{85D05AD8-6680-4D8B-A6B8-FA688B7ABE93}.Debug|x86.Build.0 = Debug|Any CPU
		{85D05AD8-6680-4D8B-A6B8-FA688B7ABE93}.Deployment|Any CPU.ActiveCfg = Debug|Any CPU
		{85D05AD8-6680-4D8B-A6B8-FA688B7ABE93}.Deployment|Any CPU.Build.0 = Debug|Any CPU
		{85D05AD8-6680-4D8B-A6B8-FA688B7ABE93}.Deployment|Mixed Platforms.ActiveCfg = Debug|Any CPU
		{85D05AD8-6680-4D8B-A6B8-FA688B7ABE93}.Deployment|Mixed Platforms.Build.0 = Debug|Any CPU
		{85D05AD8-6680-4D8B-A6B8-FA688B7ABE93}.Deployment|x64.ActiveCfg = Debug|Any CPU
		{85D05AD8-6680-4D8B-A6B8-FA688B7ABE93}.Deployment|x64.Build.0 = Debug|Any CPU
		{85D05AD8-6680-4D8B-A6B8-FA688B7ABE93}.Deployment|x86.ActiveCfg = Debug|Any CPU
		{85D05AD8-6680-4D8B-A6B8-FA688B7ABE93}.Deployment|x86.Build.0 = Debug|Any CPU
		{85D05AD8-6680-4D8B-A6B8-FA688B7ABE93}.External_Debug|Any CPU.ActiveCfg = Debug|Any CPU
		{85D05AD8-6680-4D8B-A6B8-FA688B7ABE93}.External_Debug|Any CPU.Build.0 = Debug|Any CPU
		{85D05AD8-6680-4D8B-A6B8-FA688B7ABE93}.External_Debug|Mixed Platforms.ActiveCfg = Debug|Any CPU
		{85D05AD8-6680-4D8B-A6B8-FA688B7ABE93}.External_Debug|Mixed Platforms.Build.0 = Debug|Any CPU
		{85D05AD8-6680-4D8B-A6B8-FA688B7ABE93}.External_Debug|x64.ActiveCfg = Debug|Any CPU
		{85D05AD8-6680-4D8B-A6B8-FA688B7ABE93}.External_Debug|x64.Build.0 = Debug|Any CPU
		{85D05AD8-6680-4D8B-A6B8-FA688B7ABE93}.External_Debug|x86.ActiveCfg = Debug|Any CPU
		{85D05AD8-6680-4D8B-A6B8-FA688B7ABE93}.External_Debug|x86.Build.0 = Debug|Any CPU
		{85D05AD8-6680-4D8B-A6B8-FA688B7ABE93}.External_Release|Any CPU.ActiveCfg = Release|Any CPU
		{85D05AD8-6680-4D8B-A6B8-FA688B7ABE93}.External_Release|Any CPU.Build.0 = Release|Any CPU
		{85D05AD8-6680-4D8B-A6B8-FA688B7ABE93}.External_Release|Mixed Platforms.ActiveCfg = Release|Any CPU
		{85D05AD8-6680-4D8B-A6B8-FA688B7ABE93}.External_Release|Mixed Platforms.Build.0 = Release|Any CPU
		{85D05AD8-6680-4D8B-A6B8-FA688B7ABE93}.External_Release|x64.ActiveCfg = Release|Any CPU
		{85D05AD8-6680-4D8B-A6B8-FA688B7ABE93}.External_Release|x64.Build.0 = Release|Any CPU
		{85D05AD8-6680-4D8B-A6B8-FA688B7ABE93}.External_Release|x86.ActiveCfg = Release|Any CPU
		{85D05AD8-6680-4D8B-A6B8-FA688B7ABE93}.External_Release|x86.Build.0 = Release|Any CPU
		{85D05AD8-6680-4D8B-A6B8-FA688B7ABE93}.Release|Any CPU.ActiveCfg = Release|Any CPU
		{85D05AD8-6680-4D8B-A6B8-FA688B7ABE93}.Release|Any CPU.Build.0 = Release|Any CPU
		{85D05AD8-6680-4D8B-A6B8-FA688B7ABE93}.Release|Mixed Platforms.ActiveCfg = Release|Any CPU
		{85D05AD8-6680-4D8B-A6B8-FA688B7ABE93}.Release|Mixed Platforms.Build.0 = Release|Any CPU
		{85D05AD8-6680-4D8B-A6B8-FA688B7ABE93}.Release|x64.ActiveCfg = Release|Any CPU
		{85D05AD8-6680-4D8B-A6B8-FA688B7ABE93}.Release|x64.Build.0 = Release|Any CPU
		{85D05AD8-6680-4D8B-A6B8-FA688B7ABE93}.Release|x86.ActiveCfg = Release|Any CPU
		{85D05AD8-6680-4D8B-A6B8-FA688B7ABE93}.Release|x86.Build.0 = Release|Any CPU
		{3F156479-8D81-4C99-890C-361BA2275951}.Debug|Any CPU.ActiveCfg = Debug|Any CPU
		{3F156479-8D81-4C99-890C-361BA2275951}.Debug|Any CPU.Build.0 = Debug|Any CPU
		{3F156479-8D81-4C99-890C-361BA2275951}.Debug|Mixed Platforms.ActiveCfg = Debug|Any CPU
		{3F156479-8D81-4C99-890C-361BA2275951}.Debug|Mixed Platforms.Build.0 = Debug|Any CPU
		{3F156479-8D81-4C99-890C-361BA2275951}.Debug|x64.ActiveCfg = Debug|Any CPU
		{3F156479-8D81-4C99-890C-361BA2275951}.Debug|x64.Build.0 = Debug|Any CPU
		{3F156479-8D81-4C99-890C-361BA2275951}.Debug|x86.ActiveCfg = Debug|Any CPU
		{3F156479-8D81-4C99-890C-361BA2275951}.Debug|x86.Build.0 = Debug|Any CPU
		{3F156479-8D81-4C99-890C-361BA2275951}.Deployment|Any CPU.ActiveCfg = Debug|Any CPU
		{3F156479-8D81-4C99-890C-361BA2275951}.Deployment|Any CPU.Build.0 = Debug|Any CPU
		{3F156479-8D81-4C99-890C-361BA2275951}.Deployment|Mixed Platforms.ActiveCfg = Debug|Any CPU
		{3F156479-8D81-4C99-890C-361BA2275951}.Deployment|Mixed Platforms.Build.0 = Debug|Any CPU
		{3F156479-8D81-4C99-890C-361BA2275951}.Deployment|x64.ActiveCfg = Debug|Any CPU
		{3F156479-8D81-4C99-890C-361BA2275951}.Deployment|x64.Build.0 = Debug|Any CPU
		{3F156479-8D81-4C99-890C-361BA2275951}.Deployment|x86.ActiveCfg = Debug|Any CPU
		{3F156479-8D81-4C99-890C-361BA2275951}.Deployment|x86.Build.0 = Debug|Any CPU
		{3F156479-8D81-4C99-890C-361BA2275951}.External_Debug|Any CPU.ActiveCfg = Debug|Any CPU
		{3F156479-8D81-4C99-890C-361BA2275951}.External_Debug|Any CPU.Build.0 = Debug|Any CPU
		{3F156479-8D81-4C99-890C-361BA2275951}.External_Debug|Mixed Platforms.ActiveCfg = Debug|Any CPU
		{3F156479-8D81-4C99-890C-361BA2275951}.External_Debug|Mixed Platforms.Build.0 = Debug|Any CPU
		{3F156479-8D81-4C99-890C-361BA2275951}.External_Debug|x64.ActiveCfg = Debug|Any CPU
		{3F156479-8D81-4C99-890C-361BA2275951}.External_Debug|x64.Build.0 = Debug|Any CPU
		{3F156479-8D81-4C99-890C-361BA2275951}.External_Debug|x86.ActiveCfg = Debug|Any CPU
		{3F156479-8D81-4C99-890C-361BA2275951}.External_Debug|x86.Build.0 = Debug|Any CPU
		{3F156479-8D81-4C99-890C-361BA2275951}.External_Release|Any CPU.ActiveCfg = Release|Any CPU
		{3F156479-8D81-4C99-890C-361BA2275951}.External_Release|Any CPU.Build.0 = Release|Any CPU
		{3F156479-8D81-4C99-890C-361BA2275951}.External_Release|Mixed Platforms.ActiveCfg = Release|Any CPU
		{3F156479-8D81-4C99-890C-361BA2275951}.External_Release|Mixed Platforms.Build.0 = Release|Any CPU
		{3F156479-8D81-4C99-890C-361BA2275951}.External_Release|x64.ActiveCfg = Release|Any CPU
		{3F156479-8D81-4C99-890C-361BA2275951}.External_Release|x64.Build.0 = Release|Any CPU
		{3F156479-8D81-4C99-890C-361BA2275951}.External_Release|x86.ActiveCfg = Release|Any CPU
		{3F156479-8D81-4C99-890C-361BA2275951}.External_Release|x86.Build.0 = Release|Any CPU
		{3F156479-8D81-4C99-890C-361BA2275951}.Release|Any CPU.ActiveCfg = Release|Any CPU
		{3F156479-8D81-4C99-890C-361BA2275951}.Release|Any CPU.Build.0 = Release|Any CPU
		{3F156479-8D81-4C99-890C-361BA2275951}.Release|Mixed Platforms.ActiveCfg = Release|Any CPU
		{3F156479-8D81-4C99-890C-361BA2275951}.Release|Mixed Platforms.Build.0 = Release|Any CPU
		{3F156479-8D81-4C99-890C-361BA2275951}.Release|x64.ActiveCfg = Release|Any CPU
		{3F156479-8D81-4C99-890C-361BA2275951}.Release|x64.Build.0 = Release|Any CPU
		{3F156479-8D81-4C99-890C-361BA2275951}.Release|x86.ActiveCfg = Release|Any CPU
		{3F156479-8D81-4C99-890C-361BA2275951}.Release|x86.Build.0 = Release|Any CPU
	EndGlobalSection
	GlobalSection(SolutionProperties) = preSolution
		HideSolutionNode = FALSE
	EndGlobalSection
	GlobalSection(ExtensibilityGlobals) = postSolution
		SolutionGuid = {0DD4001F-45E5-44FB-A6B0-D96263E9C07C}
	EndGlobalSection
EndGlobal
